
Microsoft Visual Studio Solution File, Format Version 11.00
# Visual Studio 2010
Project("{FAE04EC0-301F-11D3-BF4B-00C04F79EFBC}") = "Animal-Scene", "Assembly-CSharp.csproj", "{081EDCE3-7439-B40B-CC4E-29EDA6299BA2}"
EndProject
Global
	GlobalSection(SolutionConfigurationPlatforms) = preSolution
		Debug|Any CPU = Debug|Any CPU
		Release|Any CPU = Release|Any CPU
	EndGlobalSection
	GlobalSection(ProjectConfigurationPlatforms) = postSolution
		{081EDCE3-7439-B40B-CC4E-29EDA6299BA2}.Debug|Any CPU.ActiveCfg = Debug|Any CPU
		{081EDCE3-7439-B40B-CC4E-29EDA6299BA2}.Debug|Any CPU.Build.0 = Debug|Any CPU
		{081EDCE3-7439-B40B-CC4E-29EDA6299BA2}.Release|Any CPU.ActiveCfg = Release|Any CPU
		{081EDCE3-7439-B40B-CC4E-29EDA6299BA2}.Release|Any CPU.Build.0 = Release|Any CPU
	EndGlobalSection
	GlobalSection(SolutionProperties) = preSolution
		HideSolutionNode = FALSE
	EndGlobalSection
	GlobalSection(MonoDevelopProperties) = preSolution
		StartupItem = Assembly-CSharp.csproj
	EndGlobalSection
EndGlobal
